
Microsoft Visual Studio Solution File, Format Version 12.00
# Visual Studio Version 17
VisualStudioVersion = 17.3.32901.215
MinimumVisualStudioVersion = 10.0.40219.1
Project("{FAE04EC0-301F-11D3-BF4B-00C04F79EFBC}") = "WhileTrue", "WhileTrue\WhileTrue.csproj", "{926C6664-0EFF-44CC-9244-0648EB6FCA29}"
EndProject
Project("{FAE04EC0-301F-11D3-BF4B-00C04F79EFBC}") = "WebApi", "WebApi\WebApi.csproj", "{F3F636D3-C379-40EE-8B37-2327825BB782}"
EndProject
Global
	GlobalSection(SolutionConfigurationPlatforms) = preSolution
		Debug|Any CPU = Debug|Any CPU
		Release|Any CPU = Release|Any CPU
	EndGlobalSection
	GlobalSection(ProjectConfigurationPlatforms) = postSolution
		{926C6664-0EFF-44CC-9244-0648EB6FCA29}.Debug|Any CPU.ActiveCfg = Debug|Any CPU
		{926C6664-0EFF-44CC-9244-0648EB6FCA29}.Debug|Any CPU.Build.0 = Debug|Any CPU
		{926C6664-0EFF-44CC-9244-0648EB6FCA29}.Release|Any CPU.ActiveCfg = Release|Any CPU
		{926C6664-0EFF-44CC-9244-0648EB6FCA29}.Release|Any CPU.Build.0 = Release|Any CPU
		{F3F636D3-C379-40EE-8B37-2327825BB782}.Debug|Any CPU.ActiveCfg = Debug|Any CPU
		{F3F636D3-C379-40EE-8B37-2327825BB782}.Debug|Any CPU.Build.0 = Debug|Any CPU
		{F3F636D3-C379-40EE-8B37-2327825BB782}.Release|Any CPU.ActiveCfg = Release|Any CPU
		{F3F636D3-C379-40EE-8B37-2327825BB782}.Release|Any CPU.Build.0 = Release|Any CPU
	EndGlobalSection
	GlobalSection(SolutionProperties) = preSolution
		HideSolutionNode = FALSE
	EndGlobalSection
	GlobalSection(ExtensibilityGlobals) = postSolution
		SolutionGuid = {D7AF986E-5422-4330-9DFA-0ED64C5BD98B}
	EndGlobalSection
EndGlobal
